<?xml version="1.0" encoding="utf-8"?>
<Project ToolsVersion="4.0" xmlns="http://schemas.microsoft.com/developer/msbuild/2003">
  <ItemGroup>
    <ClCompile Include="dll.cpp">
      <Filter>source</Filter>
    </ClCompile>
    <ClCompile Include="SquadManager.cpp">
      <Filter>source</Filter>
    </ClCompile>
    <ClCompile Include="Commander.cpp">
      <Filter>source</Filter>
    </ClCompile>
    <ClCompile Include="GameUnit.cpp">
      <Filter>source</Filter>
    </ClCompile>
    <ClCompile Include="OUnit.cpp">
      <Filter>source</Filter>
    </ClCompile>
    <ClCompile Include="PUnit.cpp">
      <Filter>source</Filter>
    </ClCompile>
    <ClCompile Include="botAttackClosest.cpp">
      <Filter>source</Filter>
    </ClCompile>
  </ItemGroup>
  <ItemGroup>
    <ClInclude Include="Commander.hpp">
      <Filter>headers</Filter>
    </ClInclude>
    <ClInclude Include="GameUnit.hpp">
      <Filter>headers</Filter>
    </ClInclude>
    <ClInclude Include="OUnit.hpp">
      <Filter>headers</Filter>
    </ClInclude>
    <ClInclude Include="PUnit.hpp">
      <Filter>headers</Filter>
    </ClInclude>
    <ClInclude Include="SquadManager.hpp">
      <Filter>headers</Filter>
    </ClInclude>
    <ClInclude Include="botAttackClosest.hpp">
      <Filter>headers</Filter>
    </ClInclude>
  </ItemGroup>
  <ItemGroup>
    <Filter Include="headers">
      <UniqueIdentifier>{77d5ccd9-b448-4796-ba5a-0e1c377ccb19}</UniqueIdentifier>
    </Filter>
    <Filter Include="source">
      <UniqueIdentifier>{77633849-c499-479b-99c7-871136af6460}</UniqueIdentifier>
    </Filter>
  </ItemGroup>
</Project>