<?xml version="1.0" encoding="utf-8"?>
<Project ToolsVersion="4.0" xmlns="http://schemas.microsoft.com/developer/msbuild/2003">
  <ItemGroup>
    <ClCompile Include="PUnit.cpp">
      <Filter>source</Filter>
    </ClCompile>
    <ClCompile Include="GameUnit.cpp">
      <Filter>source</Filter>
    </ClCompile>
    <ClCompile Include="OUnit.cpp">
      <Filter>source</Filter>
    </ClCompile>
  </ItemGroup>
  <ItemGroup>
    <ClInclude Include="GameUnit.hpp">
      <Filter>Headers</Filter>
    </ClInclude>
    <ClInclude Include="OUnit.hpp">
      <Filter>Headers</Filter>
    </ClInclude>
    <ClInclude Include="PUnit.hpp">
      <Filter>Headers</Filter>
    </ClInclude>
  </ItemGroup>
  <ItemGroup>
    <Filter Include="Headers">
      <UniqueIdentifier>{8fd5838f-1825-4166-b9cd-794c6dc657e9}</UniqueIdentifier>
    </Filter>
    <Filter Include="source">
      <UniqueIdentifier>{257b37f6-438c-4b4b-b26c-86915ca401e0}</UniqueIdentifier>
    </Filter>
  </ItemGroup>
</Project>