Microsoft Visual Studio Solution File, Format Version 12.00
# Visual Studio 14
VisualStudioVersion = 14.0.23107.0
MinimumVisualStudioVersion = 10.0.40219.1
Project("{8BC9CEB8-8B4A-11D0-8D11-00A0C91BC942}") = "common", "common\common.vcxproj", "{7CFEE4DB-10DD-40D1-9175-5EA2F0913D17}"
EndProject
Project("{8BC9CEB8-8B4A-11D0-8D11-00A0C91BC942}") = "main-attack-closest", "main-attack-closest\main-attack-clostest.vcxproj", "{70A9681A-02BD-43B9-B17F-291BD1F0A26A}"
EndProject
Project("{8BC9CEB8-8B4A-11D0-8D11-00A0C91BC942}") = "main-attack-closest-nok", "main-attack-closest-nok\main-attack-clostest-nok.vcxproj", "{A9BC283F-F0E2-4939-B55E-A3D01CEC4265}"
EndProject
Project("{8BC9CEB8-8B4A-11D0-8D11-00A0C91BC942}") = "main-abcd", "main-abcd\main-abcd.vcxproj", "{2E63AE74-758A-4607-9DE4-D28E814A6E13}"
EndProject
Project("{8BC9CEB8-8B4A-11D0-8D11-00A0C91BC942}") = "main-kiting", "main-kiting\main-kiting.vcxproj", "{B00F666A-BDF3-46A3-AF97-B34DD3410783}"
EndProject
Project("{8BC9CEB8-8B4A-11D0-8D11-00A0C91BC942}") = "main-mcts", "main-mcts\main-mcts.vcxproj", "{F956096F-4030-468C-92CF-F7DD683BDC62}"
EndProject
Project("{8BC9CEB8-8B4A-11D0-8D11-00A0C91BC942}") = "main-debug", "main-debug\main-debug.vcxproj", "{22565643-68B8-4256-949E-D6A668087716}"
EndProject
Global
	GlobalSection(SolutionConfigurationPlatforms) = preSolution
		Debug|Win32 = Debug|Win32
		Release|Win32 = Release|Win32
	EndGlobalSection
	GlobalSection(ProjectConfigurationPlatforms) = postSolution
		{7CFEE4DB-10DD-40D1-9175-5EA2F0913D17}.Debug|Win32.ActiveCfg = Debug|Win32
		{7CFEE4DB-10DD-40D1-9175-5EA2F0913D17}.Debug|Win32.Build.0 = Debug|Win32
		{7CFEE4DB-10DD-40D1-9175-5EA2F0913D17}.Release|Win32.ActiveCfg = Release|Win32
		{7CFEE4DB-10DD-40D1-9175-5EA2F0913D17}.Release|Win32.Build.0 = Release|Win32
		{70A9681A-02BD-43B9-B17F-291BD1F0A26A}.Debug|Win32.ActiveCfg = Debug|Win32
		{70A9681A-02BD-43B9-B17F-291BD1F0A26A}.Debug|Win32.Build.0 = Debug|Win32
		{70A9681A-02BD-43B9-B17F-291BD1F0A26A}.Release|Win32.ActiveCfg = Release|Win32
		{70A9681A-02BD-43B9-B17F-291BD1F0A26A}.Release|Win32.Build.0 = Release|Win32
		{A9BC283F-F0E2-4939-B55E-A3D01CEC4265}.Debug|Win32.ActiveCfg = Debug|Win32
		{A9BC283F-F0E2-4939-B55E-A3D01CEC4265}.Debug|Win32.Build.0 = Debug|Win32
		{A9BC283F-F0E2-4939-B55E-A3D01CEC4265}.Release|Win32.ActiveCfg = Release|Win32
		{A9BC283F-F0E2-4939-B55E-A3D01CEC4265}.Release|Win32.Build.0 = Release|Win32
		{2E63AE74-758A-4607-9DE4-D28E814A6E13}.Debug|Win32.ActiveCfg = Debug|Win32
		{2E63AE74-758A-4607-9DE4-D28E814A6E13}.Debug|Win32.Build.0 = Debug|Win32
		{2E63AE74-758A-4607-9DE4-D28E814A6E13}.Release|Win32.ActiveCfg = Release|Win32
		{2E63AE74-758A-4607-9DE4-D28E814A6E13}.Release|Win32.Build.0 = Release|Win32
		{B00F666A-BDF3-46A3-AF97-B34DD3410783}.Debug|Win32.ActiveCfg = Debug|Win32
		{B00F666A-BDF3-46A3-AF97-B34DD3410783}.Debug|Win32.Build.0 = Debug|Win32
		{B00F666A-BDF3-46A3-AF97-B34DD3410783}.Release|Win32.ActiveCfg = Release|Win32
		{B00F666A-BDF3-46A3-AF97-B34DD3410783}.Release|Win32.Build.0 = Release|Win32
		{F956096F-4030-468C-92CF-F7DD683BDC62}.Debug|Win32.ActiveCfg = Debug|Win32
		{F956096F-4030-468C-92CF-F7DD683BDC62}.Debug|Win32.Build.0 = Debug|Win32
		{F956096F-4030-468C-92CF-F7DD683BDC62}.Release|Win32.ActiveCfg = Release|Win32
		{F956096F-4030-468C-92CF-F7DD683BDC62}.Release|Win32.Build.0 = Release|Win32
		{22565643-68B8-4256-949E-D6A668087716}.Debug|Win32.ActiveCfg = Debug|Win32
		{22565643-68B8-4256-949E-D6A668087716}.Debug|Win32.Build.0 = Debug|Win32
		{22565643-68B8-4256-949E-D6A668087716}.Release|Win32.ActiveCfg = Release|Win32
		{22565643-68B8-4256-949E-D6A668087716}.Release|Win32.Build.0 = Release|Win32
	EndGlobalSection
	GlobalSection(SolutionProperties) = preSolution
		HideSolutionNode = FALSE
	EndGlobalSection
EndGlobal
