<?xml version="1.0" encoding="utf-8"?>
<Project ToolsVersion="4.0" xmlns="http://schemas.microsoft.com/developer/msbuild/2003">
  <ItemGroup>
    <Filter Include="source">
      <UniqueIdentifier>{41062cbd-f398-451c-96d1-815b2309b466}</UniqueIdentifier>
      <Extensions>cpp;c;cc;cxx;def;odl;idl;hpj;bat;asm;asmx</Extensions>
    </Filter>
    <Filter Include="headers">
      <UniqueIdentifier>{8a0f49f6-f43b-467b-b8b6-da3e42e4da25}</UniqueIdentifier>
      <Extensions>h;hpp;hxx;hm;inl;inc;xsd</Extensions>
    </Filter>
  </ItemGroup>
  <ItemGroup>
    <ClCompile Include="squadmanager.cpp">
      <Filter>source</Filter>
    </ClCompile>
    <ClCompile Include="commander.cpp">
      <Filter>source</Filter>
    </ClCompile>
    <ClCompile Include="dll.cpp">
      <Filter>source</Filter>
    </ClCompile>
    <ClCompile Include="movesquadtoposition.cpp">
      <Filter>source</Filter>
    </ClCompile>
    <ClCompile Include="squadfire.cpp">
      <Filter>source</Filter>
    </ClCompile>
  </ItemGroup>
  <ItemGroup>
    <ClInclude Include="commander.hpp">
      <Filter>headers</Filter>
    </ClInclude>
    <ClInclude Include="movesquadtoposition.hpp">
      <Filter>headers</Filter>
    </ClInclude>
    <ClInclude Include="squadfire.hpp">
      <Filter>headers</Filter>
    </ClInclude>
    <ClInclude Include="squadmanager.hpp">
      <Filter>headers</Filter>
    </ClInclude>
  </ItemGroup>
</Project>