<?xml version="1.0" encoding="utf-8"?>
<Project ToolsVersion="4.0" xmlns="http://schemas.microsoft.com/developer/msbuild/2003">
  <ItemGroup>
    <!--<Filter Include="Resource Files">
      <UniqueIdentifier>{67DA6AB6-F800-4c08-8B7A-83BB121AAD01}</UniqueIdentifier>
      <Extensions>rc;ico;cur;bmp;dlg;rc2;rct;bin;rgs;gif;jpg;jpeg;jpe;resx;tiff;tif;png;wav</Extensions>
    </Filter>-->
    <Filter Include="gamestate">
      <UniqueIdentifier>{dc52fd54-ecea-403e-9ab6-1be116f5087e}</UniqueIdentifier>
    </Filter>
    <Filter Include="searchers">
      <UniqueIdentifier>{b88c9345-e466-4ad2-9a91-63ecf1681cf2}</UniqueIdentifier>
    </Filter>
    <Filter Include="units">
      <UniqueIdentifier>{f96b878f-ff3a-411a-9d98-f614c0d8a2f1}</UniqueIdentifier>
    </Filter>
    <Filter Include="actionlisters">
      <UniqueIdentifier>{b522d829-32b9-4eec-8e92-bb9932afd822}</UniqueIdentifier>
    </Filter>
    <Filter Include="actions">
      <UniqueIdentifier>{69c80a34-f7a7-4699-bb82-6def9cda5c74}</UniqueIdentifier>
    </Filter>
  </ItemGroup>
  <ItemGroup>
    <ClCompile Include="..\search\gamestate.cpp">
      <Filter>gamestate</Filter>
    </ClCompile>
    <ClCompile Include="..\search\units\unit.cpp">
      <Filter>units</Filter>
    </ClCompile>
    <ClCompile Include="units\marine.hpp">
      <Filter>units</Filter>
    </ClCompile>
    <ClCompile Include="actionlisters\branchonunit.hpp">
      <Filter>actionlisters</Filter>
    </ClCompile>
    <ClCompile Include="actions\effect.cpp">
      <Filter>actions</Filter>
    </ClCompile>
  </ItemGroup>
  <ItemGroup>
    <ClInclude Include="..\search\gamestate.hpp">
      <Filter>gamestate</Filter>
    </ClInclude>
    <ClInclude Include="..\search\actionlisters\actionlister.hpp">
      <Filter>actionlisters</Filter>
    </ClInclude>
    <ClInclude Include="..\search\units\unit.hpp">
      <Filter>units</Filter>
    </ClInclude>
    <ClInclude Include="..\search\searchers\searcher.hpp">
      <Filter>searchers</Filter>
    </ClInclude>
    <ClInclude Include="actions\move.hpp">
      <Filter>actions</Filter>
    </ClInclude>
    <ClInclude Include="actions\attack.hpp">
      <Filter>actions</Filter>
    </ClInclude>
    <ClInclude Include="searchers\searcheruct.hpp">
      <Filter>searchers</Filter>
    </ClInclude>
    <ClInclude Include="actionlisters\branchonplayer.hpp">
      <Filter>actionlisters</Filter>
    </ClInclude>
    <ClInclude Include="searchers\searcherabcd.hpp">
      <Filter>searchers</Filter>
    </ClInclude>
    <ClInclude Include="actions\effect.hpp">
      <Filter>actions</Filter>
    </ClInclude>
    <ClInclude Include="actions\compositeeffect.hpp">
      <Filter>actions</Filter>
    </ClInclude>
    <ClInclude Include="actionlisters\heuristicfunctions.hpp">
      <Filter>actionlisters</Filter>
    </ClInclude>
    <ClInclude Include="actionlisters\simulaters.hpp">
      <Filter>actionlisters</Filter>
    </ClInclude>
    <ClInclude Include="actionlisters\backpropagaters.hpp">
      <Filter>actionlisters</Filter>
    </ClInclude>
    <ClInclude Include="actionlisters\selecters.hpp">
      <Filter>actionlisters</Filter>
    </ClInclude>
    <ClInclude Include="searchingsquad.hpp" />
  </ItemGroup>
</Project>