<?xml version="1.0" encoding="utf-8"?>
<Project ToolsVersion="4.0" xmlns="http://schemas.microsoft.com/developer/msbuild/2003">
  <ItemGroup>
    <!--<Filter Include="Resource Files">
      <UniqueIdentifier>{67DA6AB6-F800-4c08-8B7A-83BB121AAD01}</UniqueIdentifier>
      <Extensions>rc;ico;cur;bmp;dlg;rc2;rct;bin;rgs;gif;jpg;jpeg;jpe;resx;tiff;tif;png;wav</Extensions>
    </Filter>-->
    <Filter Include="searchers">
      <UniqueIdentifier>{b88c9345-e466-4ad2-9a91-63ecf1681cf2}</UniqueIdentifier>
    </Filter>
    <Filter Include="units">
      <UniqueIdentifier>{f96b878f-ff3a-411a-9d98-f614c0d8a2f1}</UniqueIdentifier>
    </Filter>
    <Filter Include="actionlisters">
      <UniqueIdentifier>{b522d829-32b9-4eec-8e92-bb9932afd822}</UniqueIdentifier>
    </Filter>
    <Filter Include="effects">
      <UniqueIdentifier>{69c80a34-f7a7-4699-bb82-6def9cda5c74}</UniqueIdentifier>
    </Filter>
    <Filter Include="selecters">
      <UniqueIdentifier>{c2384406-b4d3-47de-8c1b-920f303ae489}</UniqueIdentifier>
    </Filter>
    <Filter Include="simulaters">
      <UniqueIdentifier>{871101b7-01bc-4763-b547-d6562f63ab77}</UniqueIdentifier>
    </Filter>
    <Filter Include="backpropagaters">
      <UniqueIdentifier>{9c50bfe3-d1f3-4767-80a7-ead049cd1463}</UniqueIdentifier>
    </Filter>
    <Filter Include="heuristics">
      <UniqueIdentifier>{9c271fd9-a7e9-4b6d-aa47-eb0b16b55dea}</UniqueIdentifier>
      <Extensions>heuristics/*</Extensions>
    </Filter>
  </ItemGroup>
  <ItemGroup>
    <ClInclude Include="actionlister.hpp" />
    <ClInclude Include="backpropagater.hpp" />
    <ClInclude Include="effect.hpp" />
    <ClInclude Include="gamestate.hpp" />
    <ClInclude Include="heuristic.hpp" />
    <ClInclude Include="searcher.hpp" />
    <ClInclude Include="searchingsquad.hpp" />
    <ClInclude Include="selecter.hpp" />
    <ClInclude Include="simulater.hpp" />
    <ClInclude Include="unit.hpp" />
    <ClInclude Include="effects\attack.hpp">
      <Filter>effects</Filter>
    </ClInclude>
    <ClInclude Include="effects\compositeeffect.hpp">
      <Filter>effects</Filter>
    </ClInclude>
    <ClInclude Include="effects\move.hpp">
      <Filter>effects</Filter>
    </ClInclude>
    <ClInclude Include="actionlisters\branchonplayer.hpp">
      <Filter>actionlisters</Filter>
    </ClInclude>
    <ClInclude Include="actionlisters\branchonunit.hpp">
      <Filter>actionlisters</Filter>
    </ClInclude>
    <ClInclude Include="searchers\searcherabcd.hpp">
      <Filter>searchers</Filter>
    </ClInclude>
    <ClInclude Include="units\marine.hpp">
      <Filter>units</Filter>
    </ClInclude>
    <ClInclude Include="simulaters\heuristicwrapper.hpp">
      <Filter>simulaters</Filter>
    </ClInclude>
    <ClInclude Include="selecters\ucb.hpp">
      <Filter>selecters</Filter>
    </ClInclude>
    <ClInclude Include="backpropagaters\uct.hpp">
      <Filter>backpropagaters</Filter>
    </ClInclude>
    <ClInclude Include="heuristics\hp.hpp">
      <Filter>heuristics</Filter>
    </ClInclude>
    <ClInclude Include="heuristics\sqrthp.hpp">
      <Filter>heuristics</Filter>
    </ClInclude>
    <ClInclude Include="heuristics\sqrthp_dps.hpp">
      <Filter>heuristics</Filter>
    </ClInclude>
    <ClInclude Include="searchers\searchermcts.hpp">
      <Filter>searchers</Filter>
    </ClInclude>
  </ItemGroup>
  <ItemGroup>
    <ClCompile Include="gamestate.cpp" />
    <ClCompile Include="test.cpp" />
    <ClCompile Include="unit.cpp" />
  </ItemGroup>
</Project>