<?xml version="1.0" encoding="utf-8"?>
<Project ToolsVersion="4.0" xmlns="http://schemas.microsoft.com/developer/msbuild/2003">
  <ItemGroup>
    <!--<Filter Include="Resource Files">
      <UniqueIdentifier>{67DA6AB6-F800-4c08-8B7A-83BB121AAD01}</UniqueIdentifier>
      <Extensions>rc;ico;cur;bmp;dlg;rc2;rct;bin;rgs;gif;jpg;jpeg;jpe;resx;tiff;tif;png;wav</Extensions>
    </Filter>-->
    <Filter Include="generals">
      <UniqueIdentifier>{9a548427-2fd1-4c0b-8edd-37e9ad2283d3}</UniqueIdentifier>
    </Filter>
    <Filter Include="squads">
      <UniqueIdentifier>{6e6ab962-af96-44e5-a49f-15e41e3cf737}</UniqueIdentifier>
    </Filter>
  </ItemGroup>
  <ItemGroup>
    <ClInclude Include="common.hpp" />
    <ClInclude Include="dll.hpp" />
    <ClInclude Include="main.hpp" />
    <ClInclude Include="unit.hpp" />
    <ClInclude Include="generals\general.hpp">
      <Filter>generals</Filter>
    </ClInclude>
    <ClInclude Include="squads\squad.hpp">
      <Filter>squads</Filter>
    </ClInclude>
    <ClInclude Include="generals\limitedsquadsize.hpp">
      <Filter>generals</Filter>
    </ClInclude>
    <ClInclude Include="generals\allunitssinglesquad.hpp">
      <Filter>generals</Filter>
    </ClInclude>
    <ClInclude Include="squads\reactive.hpp">
      <Filter>squads</Filter>
    </ClInclude>
  </ItemGroup>
</Project>