<?xml version="1.0" encoding="utf-8"?>
<Project ToolsVersion="4.0" xmlns="http://schemas.microsoft.com/developer/msbuild/2003">
  <ItemGroup>
    <!--<Filter Include="Resource Files">
      <UniqueIdentifier>{67DA6AB6-F800-4c08-8B7A-83BB121AAD01}</UniqueIdentifier>
      <Extensions>rc;ico;cur;bmp;dlg;rc2;rct;bin;rgs;gif;jpg;jpeg;jpe;resx;tiff;tif;png;wav</Extensions>
    </Filter>-->
    <Filter Include="source">
      <UniqueIdentifier>{70f1f204-db1e-4bd1-ad33-b04d9630a198}</UniqueIdentifier>
      <Extensions>cpp;c;cc;cxx;def;odl;idl;hpj;bat;asm;asmx</Extensions>
    </Filter>
    <Filter Include="headers">
      <UniqueIdentifier>{ccda04d6-db43-4a63-a95b-2484d82da6cd}</UniqueIdentifier>
      <Extensions>h;hpp;hxx;hm;inl;inc;xsd</Extensions>
    </Filter>
  </ItemGroup>
  <ItemGroup>
    <ClCompile Include="squad.cpp">
      <Filter>source</Filter>
    </ClCompile>
    <ClCompile Include="unit.cpp">
      <Filter>source</Filter>
    </ClCompile>
  </ItemGroup>
  <ItemGroup>
    <ClInclude Include="BehaviorTreeNodeFirstSubsequent.hpp">
      <Filter>headers</Filter>
    </ClInclude>
    <ClInclude Include="squad.hpp">
      <Filter>headers</Filter>
    </ClInclude>
    <ClInclude Include="general.hpp">
      <Filter>headers</Filter>
    </ClInclude>
    <ClInclude Include="main.hpp">
      <Filter>headers</Filter>
    </ClInclude>
    <ClInclude Include="generalallunitssinglesquad.hpp">
      <Filter>headers</Filter>
    </ClInclude>
    <ClInclude Include="reactivesquad.hpp">
      <Filter>headers</Filter>
    </ClInclude>
    <ClInclude Include="common.hpp">
      <Filter>headers</Filter>
    </ClInclude>
    <ClInclude Include="dll.hpp">
      <Filter>headers</Filter>
    </ClInclude>
    <ClInclude Include="unit.hpp">
      <Filter>headers</Filter>
    </ClInclude>
  </ItemGroup>
</Project>