<?xml version="1.0" encoding="utf-8"?>
<Project ToolsVersion="4.0" xmlns="http://schemas.microsoft.com/developer/msbuild/2003">
  <ItemGroup>
    <!--<Filter Include="Resource Files">
      <UniqueIdentifier>{67DA6AB6-F800-4c08-8B7A-83BB121AAD01}</UniqueIdentifier>
      <Extensions>rc;ico;cur;bmp;dlg;rc2;rct;bin;rgs;gif;jpg;jpeg;jpe;resx;tiff;tif;png;wav</Extensions>
    </Filter>-->
    <Filter Include="source">
      <UniqueIdentifier>{70f1f204-db1e-4bd1-ad33-b04d9630a198}</UniqueIdentifier>
      <Extensions>cpp;c;cc;cxx;def;odl;idl;hpj;bat;asm;asmx</Extensions>
    </Filter>
    <Filter Include="headers">
      <UniqueIdentifier>{b1602a90-9435-457d-a1ee-d214bc825d3f}</UniqueIdentifier>
    </Filter>
  </ItemGroup>
  <ItemGroup>
    <ClCompile Include="AttackClosest.cpp">
      <Filter>source</Filter>
    </ClCompile>
    <ClCompile Include="moverelative.cpp">
      <Filter>source</Filter>
    </ClCompile>
    <ClCompile Include="attackclosestnok.cpp">
      <Filter>source</Filter>
    </ClCompile>
  </ItemGroup>
  <ItemGroup>
    <ClInclude Include="AttackClosest.hpp">
      <Filter>headers</Filter>
    </ClInclude>
    <ClInclude Include="moverelative.hpp">
      <Filter>headers</Filter>
    </ClInclude>
    <ClInclude Include="attackclosestnok.hpp">
      <Filter>headers</Filter>
    </ClInclude>
  </ItemGroup>
</Project>